
Microsoft Visual Studio Solution File, Format Version 12.00
# Visual Studio 2013
VisualStudioVersion = 12.0.21005.1
MinimumVisualStudioVersion = 10.0.40219.1
Project("{FAE04EC0-301F-11D3-BF4B-00C04F79EFBC}") = "FindingRootNode", "FindingRootNode\FindingRootNode.csproj", "{EDF81F56-197C-431D-9F7D-837CE46F5C01}"
EndProject
Global
	GlobalSection(SolutionConfigurationPlatforms) = preSolution
		Debug|Any CPU = Debug|Any CPU
		Release|Any CPU = Release|Any CPU
	EndGlobalSection
	GlobalSection(ProjectConfigurationPlatforms) = postSolution
		{EDF81F56-197C-431D-9F7D-837CE46F5C01}.Debug|Any CPU.ActiveCfg = Debug|Any CPU
		{EDF81F56-197C-431D-9F7D-837CE46F5C01}.Debug|Any CPU.Build.0 = Debug|Any CPU
		{EDF81F56-197C-431D-9F7D-837CE46F5C01}.Release|Any CPU.ActiveCfg = Release|Any CPU
		{EDF81F56-197C-431D-9F7D-837CE46F5C01}.Release|Any CPU.Build.0 = Release|Any CPU
	EndGlobalSection
	GlobalSection(SolutionProperties) = preSolution
		HideSolutionNode = FALSE
	EndGlobalSection
EndGlobal
